
Microsoft Visual Studio Solution File, Format Version 12.00
# Visual Studio Version 17
VisualStudioVersion = 17.10.34607.79
MinimumVisualStudioVersion = 10.0.40219.1
Project("{9A19103F-16F7-4668-BE54-9A1E7A4F7556}") = "JuniorTest", "JuniorTest\JuniorTest\JuniorTest.csproj", "{3ED11F1F-616B-461E-BA1B-9205EA191AE2}"
EndProject
Project("{9A19103F-16F7-4668-BE54-9A1E7A4F7556}") = "JuniorTest.Client", "JuniorTest\JuniorTest.Client\JuniorTest.Client.csproj", "{2DC44675-8197-4984-83FD-6DC7B162A27B}"
EndProject
Project("{FAE04EC0-301F-11D3-BF4B-00C04F79EFBC}") = "JuniorTest.Shared", "JuniorTest.Shared\JuniorTest.Shared.csproj", "{7120A751-00FE-4517-B463-AB01C0BBF469}"
EndProject
Global
	GlobalSection(SolutionConfigurationPlatforms) = preSolution
		Debug|Any CPU = Debug|Any CPU
		Release|Any CPU = Release|Any CPU
	EndGlobalSection
	GlobalSection(ProjectConfigurationPlatforms) = postSolution
		{3ED11F1F-616B-461E-BA1B-9205EA191AE2}.Debug|Any CPU.ActiveCfg = Debug|Any CPU
		{3ED11F1F-616B-461E-BA1B-9205EA191AE2}.Debug|Any CPU.Build.0 = Debug|Any CPU
		{3ED11F1F-616B-461E-BA1B-9205EA191AE2}.Release|Any CPU.ActiveCfg = Release|Any CPU
		{3ED11F1F-616B-461E-BA1B-9205EA191AE2}.Release|Any CPU.Build.0 = Release|Any CPU
		{2DC44675-8197-4984-83FD-6DC7B162A27B}.Debug|Any CPU.ActiveCfg = Debug|Any CPU
		{2DC44675-8197-4984-83FD-6DC7B162A27B}.Debug|Any CPU.Build.0 = Debug|Any CPU
		{2DC44675-8197-4984-83FD-6DC7B162A27B}.Release|Any CPU.ActiveCfg = Release|Any CPU
		{2DC44675-8197-4984-83FD-6DC7B162A27B}.Release|Any CPU.Build.0 = Release|Any CPU
		{7120A751-00FE-4517-B463-AB01C0BBF469}.Debug|Any CPU.ActiveCfg = Debug|Any CPU
		{7120A751-00FE-4517-B463-AB01C0BBF469}.Debug|Any CPU.Build.0 = Debug|Any CPU
		{7120A751-00FE-4517-B463-AB01C0BBF469}.Release|Any CPU.ActiveCfg = Release|Any CPU
		{7120A751-00FE-4517-B463-AB01C0BBF469}.Release|Any CPU.Build.0 = Release|Any CPU
	EndGlobalSection
	GlobalSection(SolutionProperties) = preSolution
		HideSolutionNode = FALSE
	EndGlobalSection
	GlobalSection(ExtensibilityGlobals) = postSolution
		SolutionGuid = {B8FD9C1F-8AE1-42ED-9C1B-08274176AE20}
	EndGlobalSection
EndGlobal
